
Microsoft Visual Studio Solution File, Format Version 12.00
# Visual Studio Version 17
VisualStudioVersion = 17.3.32901.215
MinimumVisualStudioVersion = 10.0.40219.1
Project("{FAE04EC0-301F-11D3-BF4B-00C04F79EFBC}") = "MeuTodo", "MeuTodo\MeuTodo.csproj", "{EF280116-703D-4E86-B98D-E90B2081C375}"
EndProject
Global
	GlobalSection(SolutionConfigurationPlatforms) = preSolution
		Debug|Any CPU = Debug|Any CPU
		Release|Any CPU = Release|Any CPU
	EndGlobalSection
	GlobalSection(ProjectConfigurationPlatforms) = postSolution
		{EF280116-703D-4E86-B98D-E90B2081C375}.Debug|Any CPU.ActiveCfg = Debug|Any CPU
		{EF280116-703D-4E86-B98D-E90B2081C375}.Debug|Any CPU.Build.0 = Debug|Any CPU
		{EF280116-703D-4E86-B98D-E90B2081C375}.Release|Any CPU.ActiveCfg = Release|Any CPU
		{EF280116-703D-4E86-B98D-E90B2081C375}.Release|Any CPU.Build.0 = Release|Any CPU
	EndGlobalSection
	GlobalSection(SolutionProperties) = preSolution
		HideSolutionNode = FALSE
	EndGlobalSection
	GlobalSection(ExtensibilityGlobals) = postSolution
		SolutionGuid = {1037B520-A919-482E-8981-CA9135869F10}
	EndGlobalSection
EndGlobal
